
Microsoft Visual Studio Solution File, Format Version 12.00
# Visual Studio Version 16
VisualStudioVersion = 16.0.29519.87
MinimumVisualStudioVersion = 10.0.40219.1
Project("{FAE04EC0-301F-11D3-BF4B-00C04F79EFBC}") = "Decorator", "Decorator.csproj", "{5C5B0E4B-33A5-425E-A5FD-68D1537083E7}"
EndProject
Global
	GlobalSection(SolutionConfigurationPlatforms) = preSolution
		Debug|Any CPU = Debug|Any CPU
		Release|Any CPU = Release|Any CPU
	EndGlobalSection
	GlobalSection(ProjectConfigurationPlatforms) = postSolution
		{5C5B0E4B-33A5-425E-A5FD-68D1537083E7}.Debug|Any CPU.ActiveCfg = Debug|Any CPU
		{5C5B0E4B-33A5-425E-A5FD-68D1537083E7}.Debug|Any CPU.Build.0 = Debug|Any CPU
		{5C5B0E4B-33A5-425E-A5FD-68D1537083E7}.Release|Any CPU.ActiveCfg = Release|Any CPU
		{5C5B0E4B-33A5-425E-A5FD-68D1537083E7}.Release|Any CPU.Build.0 = Release|Any CPU
	EndGlobalSection
	GlobalSection(SolutionProperties) = preSolution
		HideSolutionNode = FALSE
	EndGlobalSection
	GlobalSection(ExtensibilityGlobals) = postSolution
		SolutionGuid = {40D3D218-72FC-42E3-B81A-5EB75BCCF471}
	EndGlobalSection
EndGlobal
